// !$*UTF8*$!
{
	archiveVersion = 1;
	classes = {
	};
	objectVersion = 50;
	objects = {

/* Begin PBXBuildFile section */
		4819E9BA2271C83300949B2E /* SearchPhotosResponse.swift in Sources */ = {isa = PBXBuildFile; fileRef = 4819E9B92271C83300949B2E /* SearchPhotosResponse.swift */; };
		4819E9BC2271EE4500949B2E /* SearchSizeResponse.swift in Sources */ = {isa = PBXBuildFile; fileRef = 4819E9BB2271EE4500949B2E /* SearchSizeResponse.swift */; };
		4819E9BE2271EE8700949B2E /* Sizes.swift in Sources */ = {isa = PBXBuildFile; fileRef = 4819E9BD2271EE8700949B2E /* Sizes.swift */; };
		4819E9C02271EECC00949B2E /* Size.swift in Sources */ = {isa = PBXBuildFile; fileRef = 4819E9BF2271EECC00949B2E /* Size.swift */; };
		4862CFED2270E41A00C5E2AD /* AppDelegate.swift in Sources */ = {isa = PBXBuildFile; fileRef = 4862CFEC2270E41A00C5E2AD /* AppDelegate.swift */; };
		4862CFF22270E41A00C5E2AD /* Main.storyboard in Resources */ = {isa = PBXBuildFile; fileRef = 4862CFF02270E41A00C5E2AD /* Main.storyboard */; };
		4862CFF42270E41B00C5E2AD /* Assets.xcassets in Resources */ = {isa = PBXBuildFile; fileRef = 4862CFF32270E41B00C5E2AD /* Assets.xcassets */; };
		4862CFF72270E41B00C5E2AD /* LaunchScreen.storyboard in Resources */ = {isa = PBXBuildFile; fileRef = 4862CFF52270E41B00C5E2AD /* LaunchScreen.storyboard */; };
		4862D0032270E50900C5E2AD /* ImageGalleryViewController.swift in Sources */ = {isa = PBXBuildFile; fileRef = 4862D0022270E50900C5E2AD /* ImageGalleryViewController.swift */; };
		4862D0062270E61600C5E2AD /* PhotoCollectionViewCell.swift in Sources */ = {isa = PBXBuildFile; fileRef = 4862D0052270E61600C5E2AD /* PhotoCollectionViewCell.swift */; };
		4862D00A2270EFE600C5E2AD /* APIService.swift in Sources */ = {isa = PBXBuildFile; fileRef = 4862D0092270EFE600C5E2AD /* APIService.swift */; };
		4862D00C22710B2900C5E2AD /* Photos.swift in Sources */ = {isa = PBXBuildFile; fileRef = 4862D00B22710B2900C5E2AD /* Photos.swift */; };
		4862D00E2271293100C5E2AD /* Photo.swift in Sources */ = {isa = PBXBuildFile; fileRef = 4862D00D2271293100C5E2AD /* Photo.swift */; };
/* End PBXBuildFile section */

/* Begin PBXFileReference section */
		4819E9B92271C83300949B2E /* SearchPhotosResponse.swift */ = {isa = PBXFileReference; lastKnownFileType = sourcecode.swift; path = SearchPhotosResponse.swift; sourceTree = "<group>"; };
		4819E9BB2271EE4500949B2E /* SearchSizeResponse.swift */ = {isa = PBXFileReference; lastKnownFileType = sourcecode.swift; path = SearchSizeResponse.swift; sourceTree = "<group>"; };
		4819E9BD2271EE8700949B2E /* Sizes.swift */ = {isa = PBXFileReference; lastKnownFileType = sourcecode.swift; path = Sizes.swift; sourceTree = "<group>"; };
		4819E9BF2271EECC00949B2E /* Size.swift */ = {isa = PBXFileReference; lastKnownFileType = sourcecode.swift; path = Size.swift; sourceTree = "<group>"; };
		4862CFE92270E41A00C5E2AD /* Image Gallery.app */ = {isa = PBXFileReference; explicitFileType = wrapper.application; includeInIndex = 0; path = "Image Gallery.app"; sourceTree = BUILT_PRODUCTS_DIR; };
		4862CFEC2270E41A00C5E2AD /* AppDelegate.swift */ = {isa = PBXFileReference; lastKnownFileType = sourcecode.swift; path = AppDelegate.swift; sourceTree = "<group>"; };
		4862CFF12270E41A00C5E2AD /* Base */ = {isa = PBXFileReference; lastKnownFileType = file.storyboard; name = Base; path = Base.lproj/Main.storyboard; sourceTree = "<group>"; };
		4862CFF32270E41B00C5E2AD /* Assets.xcassets */ = {isa = PBXFileReference; lastKnownFileType = folder.assetcatalog; path = Assets.xcassets; sourceTree = "<group>"; };
		4862CFF62270E41B00C5E2AD /* Base */ = {isa = PBXFileReference; lastKnownFileType = file.storyboard; name = Base; path = Base.lproj/LaunchScreen.storyboard; sourceTree = "<group>"; };
		4862CFF82270E41B00C5E2AD /* Info.plist */ = {isa = PBXFileReference; lastKnownFileType = text.plist.xml; path = Info.plist; sourceTree = "<group>"; };
		4862D0022270E50900C5E2AD /* ImageGalleryViewController.swift */ = {isa = PBXFileReference; lastKnownFileType = sourcecode.swift; path = ImageGalleryViewController.swift; sourceTree = "<group>"; };
		4862D0052270E61600C5E2AD /* PhotoCollectionViewCell.swift */ = {isa = PBXFileReference; lastKnownFileType = sourcecode.swift; path = PhotoCollectionViewCell.swift; sourceTree = "<group>"; };
		4862D0092270EFE600C5E2AD /* APIService.swift */ = {isa = PBXFileReference; lastKnownFileType = sourcecode.swift; path = APIService.swift; sourceTree = "<group>"; };
		4862D00B22710B2900C5E2AD /* Photos.swift */ = {isa = PBXFileReference; lastKnownFileType = sourcecode.swift; path = Photos.swift; sourceTree = "<group>"; };
		4862D00D2271293100C5E2AD /* Photo.swift */ = {isa = PBXFileReference; lastKnownFileType = sourcecode.swift; path = Photo.swift; sourceTree = "<group>"; };
/* End PBXFileReference section */

/* Begin PBXFrameworksBuildPhase section */
		4862CFE62270E41A00C5E2AD /* Frameworks */ = {
			isa = PBXFrameworksBuildPhase;
			buildActionMask = 2147483647;
			files = (
			);
			runOnlyForDeploymentPostprocessing = 0;
		};
/* End PBXFrameworksBuildPhase section */

/* Begin PBXGroup section */
		4819E9C12271EF4700949B2E /* Response Entities */ = {
			isa = PBXGroup;
			children = (
				4819E9B92271C83300949B2E /* SearchPhotosResponse.swift */,
				4819E9BB2271EE4500949B2E /* SearchSizeResponse.swift */,
			);
			name = "Response Entities";
			sourceTree = "<group>";
		};
		4819E9C22271FE8000949B2E /* Custom Cells */ = {
			isa = PBXGroup;
			children = (
				4862D0052270E61600C5E2AD /* PhotoCollectionViewCell.swift */,
			);
			name = "Custom Cells";
			sourceTree = "<group>";
		};
		4819E9C32272712B00949B2E /* Extensions */ = {
			isa = PBXGroup;
			children = (
			);
			path = Extensions;
			sourceTree = "<group>";
		};
		4862CFE02270E41A00C5E2AD = {
			isa = PBXGroup;
			children = (
				4862CFEB2270E41A00C5E2AD /* Image Gallery */,
				4862CFEA2270E41A00C5E2AD /* Products */,
			);
			sourceTree = "<group>";
		};
		4862CFEA2270E41A00C5E2AD /* Products */ = {
			isa = PBXGroup;
			children = (
				4862CFE92270E41A00C5E2AD /* Image Gallery.app */,
			);
			name = Products;
			sourceTree = "<group>";
		};
		4862CFEB2270E41A00C5E2AD /* Image Gallery */ = {
			isa = PBXGroup;
			children = (
				4862CFEC2270E41A00C5E2AD /* AppDelegate.swift */,
				4862CFFE2270E45E00C5E2AD /* Model */,
				4862CFFF2270E46400C5E2AD /* View */,
				4862D0002270E47900C5E2AD /* Controller */,
				4862D0042270E53600C5E2AD /* API */,
				4819E9C32272712B00949B2E /* Extensions */,
				4862D0072270E75200C5E2AD /* Supporting Files */,
			);
			path = "Image Gallery";
			sourceTree = "<group>";
		};
		4862CFFE2270E45E00C5E2AD /* Model */ = {
			isa = PBXGroup;
			children = (
				4819E9C12271EF4700949B2E /* Response Entities */,
				4862D00B22710B2900C5E2AD /* Photos.swift */,
				4862D00D2271293100C5E2AD /* Photo.swift */,
				4819E9BD2271EE8700949B2E /* Sizes.swift */,
				4819E9BF2271EECC00949B2E /* Size.swift */,
			);
			path = Model;
			sourceTree = "<group>";
		};
		4862CFFF2270E46400C5E2AD /* View */ = {
			isa = PBXGroup;
			children = (
				4862CFF02270E41A00C5E2AD /* Main.storyboard */,
				4862CFF52270E41B00C5E2AD /* LaunchScreen.storyboard */,
				4819E9C22271FE8000949B2E /* Custom Cells */,
			);
			path = View;
			sourceTree = "<group>";
		};
		4862D0002270E47900C5E2AD /* Controller */ = {
			isa = PBXGroup;
			children = (
				4862D0022270E50900C5E2AD /* ImageGalleryViewController.swift */,
			);
			path = Controller;
			sourceTree = "<group>";
		};
		4862D0042270E53600C5E2AD /* API */ = {
			isa = PBXGroup;
			children = (
				4862D0092270EFE600C5E2AD /* APIService.swift */,
			);
			path = API;
			sourceTree = "<group>";
		};
		4862D0072270E75200C5E2AD /* Supporting Files */ = {
			isa = PBXGroup;
			children = (
				4862CFF32270E41B00C5E2AD /* Assets.xcassets */,
				4862CFF82270E41B00C5E2AD /* Info.plist */,
			);
			name = "Supporting Files";
			sourceTree = "<group>";
		};
/* End PBXGroup section */

/* Begin PBXNativeTarget section */
		4862CFE82270E41A00C5E2AD /* Image Gallery */ = {
			isa = PBXNativeTarget;
			buildConfigurationList = 4862CFFB2270E41B00C5E2AD /* Build configuration list for PBXNativeTarget "Image Gallery" */;
			buildPhases = (
				4862CFE52270E41A00C5E2AD /* Sources */,
				4862CFE62270E41A00C5E2AD /* Frameworks */,
				4862CFE72270E41A00C5E2AD /* Resources */,
			);
			buildRules = (
			);
			dependencies = (
			);
			name = "Image Gallery";
			productName = "Image Gallery";
			productReference = 4862CFE92270E41A00C5E2AD /* Image Gallery.app */;
			productType = "com.apple.product-type.application";
		};
/* End PBXNativeTarget section */

/* Begin PBXProject section */
		4862CFE12270E41A00C5E2AD /* Project object */ = {
			isa = PBXProject;
			attributes = {
				LastSwiftUpdateCheck = 1020;
				LastUpgradeCheck = 1020;
				ORGANIZATIONNAME = ricardomm;
				TargetAttributes = {
					4862CFE82270E41A00C5E2AD = {
						CreatedOnToolsVersion = 10.2.1;
					};
				};
			};
			buildConfigurationList = 4862CFE42270E41A00C5E2AD /* Build configuration list for PBXProject "Image Gallery" */;
			compatibilityVersion = "Xcode 9.3";
			developmentRegion = en;
			hasScannedForEncodings = 0;
			knownRegions = (
				en,
				Base,
			);
			mainGroup = 4862CFE02270E41A00C5E2AD;
			productRefGroup = 4862CFEA2270E41A00C5E2AD /* Products */;
			projectDirPath = "";
			projectRoot = "";
			targets = (
				4862CFE82270E41A00C5E2AD /* Image Gallery */,
			);
		};
/* End PBXProject section */

/* Begin PBXResourcesBuildPhase section */
		4862CFE72270E41A00C5E2AD /* Resources */ = {
			isa = PBXResourcesBuildPhase;
			buildActionMask = 2147483647;
			files = (
				4862CFF72270E41B00C5E2AD /* LaunchScreen.storyboard in Resources */,
				4862CFF42270E41B00C5E2AD /* Assets.xcassets in Resources */,
				4862CFF22270E41A00C5E2AD /* Main.storyboard in Resources */,
			);
			runOnlyForDeploymentPostprocessing = 0;
		};
/* End PBXResourcesBuildPhase section */

/* Begin PBXSourcesBuildPhase section */
		4862CFE52270E41A00C5E2AD /* Sources */ = {
			isa = PBXSourcesBuildPhase;
			buildActionMask = 2147483647;
			files = (
				4862D00E2271293100C5E2AD /* Photo.swift in Sources */,
				4862D0032270E50900C5E2AD /* ImageGalleryViewController.swift in Sources */,
				4862D0062270E61600C5E2AD /* PhotoCollectionViewCell.swift in Sources */,
				4819E9BE2271EE8700949B2E /* Sizes.swift in Sources */,
				4819E9BC2271EE4500949B2E /* SearchSizeResponse.swift in Sources */,
				4862D00A2270EFE600C5E2AD /* APIService.swift in Sources */,
				4819E9C02271EECC00949B2E /* Size.swift in Sources */,
				4819E9BA2271C83300949B2E /* SearchPhotosResponse.swift in Sources */,
				4862D00C22710B2900C5E2AD /* Photos.swift in Sources */,
				4862CFED2270E41A00C5E2AD /* AppDelegate.swift in Sources */,
			);
			runOnlyForDeploymentPostprocessing = 0;
		};
/* End PBXSourcesBuildPhase section */

/* Begin PBXVariantGroup section */
		4862CFF02270E41A00C5E2AD /* Main.storyboard */ = {
			isa = PBXVariantGroup;
			children = (
				4862CFF12270E41A00C5E2AD /* Base */,
			);
			name = Main.storyboard;
			sourceTree = "<group>";
		};
		4862CFF52270E41B00C5E2AD /* LaunchScreen.storyboard */ = {
			isa = PBXVariantGroup;
			children = (
				4862CFF62270E41B00C5E2AD /* Base */,
			);
			name = LaunchScreen.storyboard;
			sourceTree = "<group>";
		};
/* End PBXVariantGroup section */

/* Begin XCBuildConfiguration section */
		4862CFF92270E41B00C5E2AD /* Debug */ = {
			isa = XCBuildConfiguration;
			buildSettings = {
				ALWAYS_SEARCH_USER_PATHS = NO;
				CLANG_ANALYZER_NONNULL = YES;
				CLANG_ANALYZER_NUMBER_OBJECT_CONVERSION = YES_AGGRESSIVE;
				CLANG_CXX_LANGUAGE_STANDARD = "gnu++14";
				CLANG_CXX_LIBRARY = "libc++";
				CLANG_ENABLE_MODULES = YES;
				CLANG_ENABLE_OBJC_ARC = YES;
				CLANG_ENABLE_OBJC_WEAK = YES;
				CLANG_WARN_BLOCK_CAPTURE_AUTORELEASING = YES;
				CLANG_WARN_BOOL_CONVERSION = YES;
				CLANG_WARN_COMMA = YES;
				CLANG_WARN_CONSTANT_CONVERSION = YES;
				CLANG_WARN_DEPRECATED_OBJC_IMPLEMENTATIONS = YES;
				CLANG_WARN_DIRECT_OBJC_ISA_USAGE = YES_ERROR;
				CLANG_WARN_DOCUMENTATION_COMMENTS = YES;
				CLANG_WARN_EMPTY_BODY = YES;
				CLANG_WARN_ENUM_CONVERSION = YES;
				CLANG_WARN_INFINITE_RECURSION = YES;
				CLANG_WARN_INT_CONVERSION = YES;
				CLANG_WARN_NON_LITERAL_NULL_CONVERSION = YES;
				CLANG_WARN_OBJC_IMPLICIT_RETAIN_SELF = YES;
				CLANG_WARN_OBJC_LITERAL_CONVERSION = YES;
				CLANG_WARN_OBJC_ROOT_CLASS = YES_ERROR;
				CLANG_WARN_RANGE_LOOP_ANALYSIS = YES;
				CLANG_WARN_STRICT_PROTOTYPES = YES;
				CLANG_WARN_SUSPICIOUS_MOVE = YES;
				CLANG_WARN_UNGUARDED_AVAILABILITY = YES_AGGRESSIVE;
				CLANG_WARN_UNREACHABLE_CODE = YES;
				CLANG_WARN__DUPLICATE_METHOD_MATCH = YES;
				CODE_SIGN_IDENTITY = "iPhone Developer";
				COPY_PHASE_STRIP = NO;
				DEBUG_INFORMATION_FORMAT = dwarf;
				ENABLE_STRICT_OBJC_MSGSEND = YES;
				ENABLE_TESTABILITY = YES;
				GCC_C_LANGUAGE_STANDARD = gnu11;
				GCC_DYNAMIC_NO_PIC = NO;
				GCC_NO_COMMON_BLOCKS = YES;
				GCC_OPTIMIZATION_LEVEL = 0;
				GCC_PREPROCESSOR_DEFINITIONS = (
					"DEBUG=1",
					"$(inherited)",
				);
				GCC_WARN_64_TO_32_BIT_CONVERSION = YES;
				GCC_WARN_ABOUT_RETURN_TYPE = YES_ERROR;
				GCC_WARN_UNDECLARED_SELECTOR = YES;
				GCC_WARN_UNINITIALIZED_AUTOS = YES_AGGRESSIVE;
				GCC_WARN_UNUSED_FUNCTION = YES;
				GCC_WARN_UNUSED_VARIABLE = YES;
				IPHONEOS_DEPLOYMENT_TARGET = 10.0;
				MTL_ENABLE_DEBUG_INFO = INCLUDE_SOURCE;
				MTL_FAST_MATH = YES;
				ONLY_ACTIVE_ARCH = YES;
				SDKROOT = iphoneos;
				SWIFT_ACTIVE_COMPILATION_CONDITIONS = DEBUG;
				SWIFT_OPTIMIZATION_LEVEL = "-Onone";
			};
			name = Debug;
		};
		4862CFFA2270E41B00C5E2AD /* Release */ = {
			isa = XCBuildConfiguration;
			buildSettings = {
				ALWAYS_SEARCH_USER_PATHS = NO;
				CLANG_ANALYZER_NONNULL = YES;
				CLANG_ANALYZER_NUMBER_OBJECT_CONVERSION = YES_AGGRESSIVE;
				CLANG_CXX_LANGUAGE_STANDARD = "gnu++14";
				CLANG_CXX_LIBRARY = "libc++";
				CLANG_ENABLE_MODULES = YES;
				CLANG_ENABLE_OBJC_ARC = YES;
				CLANG_ENABLE_OBJC_WEAK = YES;
				CLANG_WARN_BLOCK_CAPTURE_AUTORELEASING = YES;
				CLANG_WARN_BOOL_CONVERSION = YES;
				CLANG_WARN_COMMA = YES;
				CLANG_WARN_CONSTANT_CONVERSION = YES;
				CLANG_WARN_DEPRECATED_OBJC_IMPLEMENTATIONS = YES;
				CLANG_WARN_DIRECT_OBJC_ISA_USAGE = YES_ERROR;
				CLANG_WARN_DOCUMENTATION_COMMENTS = YES;
				CLANG_WARN_EMPTY_BODY = YES;
				CLANG_WARN_ENUM_CONVERSION = YES;
				CLANG_WARN_INFINITE_RECURSION = YES;
				CLANG_WARN_INT_CONVERSION = YES;
				CLANG_WARN_NON_LITERAL_NULL_CONVERSION = YES;
				CLANG_WARN_OBJC_IMPLICIT_RETAIN_SELF = YES;
				CLANG_WARN_OBJC_LITERAL_CONVERSION = YES;
				CLANG_WARN_OBJC_ROOT_CLASS = YES_ERROR;
				CLANG_WARN_RANGE_LOOP_ANALYSIS = YES;
				CLANG_WARN_STRICT_PROTOTYPES = YES;
				CLANG_WARN_SUSPICIOUS_MOVE = YES;
				CLANG_WARN_UNGUARDED_AVAILABILITY = YES_AGGRESSIVE;
				CLANG_WARN_UNREACHABLE_CODE = YES;
				CLANG_WARN__DUPLICATE_METHOD_MATCH = YES;
				CODE_SIGN_IDENTITY = "iPhone Developer";
				COPY_PHASE_STRIP = NO;
				DEBUG_INFORMATION_FORMAT = "dwarf-with-dsym";
				ENABLE_NS_ASSERTIONS = NO;
				ENABLE_STRICT_OBJC_MSGSEND = YES;
				GCC_C_LANGUAGE_STANDARD = gnu11;
				GCC_NO_COMMON_BLOCKS = YES;
				GCC_WARN_64_TO_32_BIT_CONVERSION = YES;
				GCC_WARN_ABOUT_RETURN_TYPE = YES_ERROR;
				GCC_WARN_UNDECLARED_SELECTOR = YES;
				GCC_WARN_UNINITIALIZED_AUTOS = YES_AGGRESSIVE;
				GCC_WARN_UNUSED_FUNCTION = YES;
				GCC_WARN_UNUSED_VARIABLE = YES;
				IPHONEOS_DEPLOYMENT_TARGET = 10.0;
				MTL_ENABLE_DEBUG_INFO = NO;
				MTL_FAST_MATH = YES;
				SDKROOT = iphoneos;
				SWIFT_COMPILATION_MODE = wholemodule;
				SWIFT_OPTIMIZATION_LEVEL = "-O";
				VALIDATE_PRODUCT = YES;
			};
			name = Release;
		};
		4862CFFC2270E41B00C5E2AD /* Debug */ = {
			isa = XCBuildConfiguration;
			buildSettings = {
				ASSETCATALOG_COMPILER_APPICON_NAME = AppIcon;
				CODE_SIGN_STYLE = Automatic;
				DEVELOPMENT_TEAM = M5HRQJ3795;
				INFOPLIST_FILE = "Image Gallery/Info.plist";
				LD_RUNPATH_SEARCH_PATHS = (
					"$(inherited)",
					"@executable_path/Frameworks",
				);
				PRODUCT_BUNDLE_IDENTIFIER = "com.ricardomm.Image-Gallery";
				PRODUCT_NAME = "$(TARGET_NAME)";
				SWIFT_VERSION = 5.0;
				TARGETED_DEVICE_FAMILY = 1;
			};
			name = Debug;
		};
		4862CFFD2270E41B00C5E2AD /* Release */ = {
			isa = XCBuildConfiguration;
			buildSettings = {
				ASSETCATALOG_COMPILER_APPICON_NAME = AppIcon;
				CODE_SIGN_STYLE = Automatic;
				DEVELOPMENT_TEAM = M5HRQJ3795;
				INFOPLIST_FILE = "Image Gallery/Info.plist";
				LD_RUNPATH_SEARCH_PATHS = (
					"$(inherited)",
					"@executable_path/Frameworks",
				);
				PRODUCT_BUNDLE_IDENTIFIER = "com.ricardomm.Image-Gallery";
				PRODUCT_NAME = "$(TARGET_NAME)";
				SWIFT_VERSION = 5.0;
				TARGETED_DEVICE_FAMILY = 1;
			};
			name = Release;
		};
/* End XCBuildConfiguration section */

/* Begin XCConfigurationList section */
		4862CFE42270E41A00C5E2AD /* Build configuration list for PBXProject "Image Gallery" */ = {
			isa = XCConfigurationList;
			buildConfigurations = (
				4862CFF92270E41B00C5E2AD /* Debug */,
				4862CFFA2270E41B00C5E2AD /* Release */,
			);
			defaultConfigurationIsVisible = 0;
			defaultConfigurationName = Release;
		};
		4862CFFB2270E41B00C5E2AD /* Build configuration list for PBXNativeTarget "Image Gallery" */ = {
			isa = XCConfigurationList;
			buildConfigurations = (
				4862CFFC2270E41B00C5E2AD /* Debug */,
				4862CFFD2270E41B00C5E2AD /* Release */,
			);
			defaultConfigurationIsVisible = 0;
			defaultConfigurationName = Release;
		};
/* End XCConfigurationList section */
	};
	rootObject = 4862CFE12270E41A00C5E2AD /* Project object */;
}
